
Microsoft Visual Studio Solution File, Format Version 12.00
# Visual Studio Version 17
VisualStudioVersion = 17.4.33213.308
MinimumVisualStudioVersion = 10.0.40219.1
Project("{FAE04EC0-301F-11D3-BF4B-00C04F79EFBC}") = "Vista", "Vista\Vista.csproj", "{B2B35E7C-5780-4B3C-BBBB-3BDAAFE26334}"
EndProject
Project("{FAE04EC0-301F-11D3-BF4B-00C04F79EFBC}") = "Entidades", "Entidades\Entidades.csproj", "{92894CD9-FB9C-44A6-B0B4-A7954A0C2392}"
EndProject
Project("{FAE04EC0-301F-11D3-BF4B-00C04F79EFBC}") = "Datos", "Datos\Datos.csproj", "{D7D0A414-FD68-45FD-A2C0-3DF85174708E}"
EndProject
Global
	GlobalSection(SolutionConfigurationPlatforms) = preSolution
		Debug|Any CPU = Debug|Any CPU
		Release|Any CPU = Release|Any CPU
	EndGlobalSection
	GlobalSection(ProjectConfigurationPlatforms) = postSolution
		{B2B35E7C-5780-4B3C-BBBB-3BDAAFE26334}.Debug|Any CPU.ActiveCfg = Debug|Any CPU
		{B2B35E7C-5780-4B3C-BBBB-3BDAAFE26334}.Debug|Any CPU.Build.0 = Debug|Any CPU
		{B2B35E7C-5780-4B3C-BBBB-3BDAAFE26334}.Release|Any CPU.ActiveCfg = Release|Any CPU
		{B2B35E7C-5780-4B3C-BBBB-3BDAAFE26334}.Release|Any CPU.Build.0 = Release|Any CPU
		{92894CD9-FB9C-44A6-B0B4-A7954A0C2392}.Debug|Any CPU.ActiveCfg = Debug|Any CPU
		{92894CD9-FB9C-44A6-B0B4-A7954A0C2392}.Debug|Any CPU.Build.0 = Debug|Any CPU
		{92894CD9-FB9C-44A6-B0B4-A7954A0C2392}.Release|Any CPU.ActiveCfg = Release|Any CPU
		{92894CD9-FB9C-44A6-B0B4-A7954A0C2392}.Release|Any CPU.Build.0 = Release|Any CPU
		{D7D0A414-FD68-45FD-A2C0-3DF85174708E}.Debug|Any CPU.ActiveCfg = Debug|Any CPU
		{D7D0A414-FD68-45FD-A2C0-3DF85174708E}.Debug|Any CPU.Build.0 = Debug|Any CPU
		{D7D0A414-FD68-45FD-A2C0-3DF85174708E}.Release|Any CPU.ActiveCfg = Release|Any CPU
		{D7D0A414-FD68-45FD-A2C0-3DF85174708E}.Release|Any CPU.Build.0 = Release|Any CPU
	EndGlobalSection
	GlobalSection(SolutionProperties) = preSolution
		HideSolutionNode = FALSE
	EndGlobalSection
	GlobalSection(ExtensibilityGlobals) = postSolution
		SolutionGuid = {82B57C6B-8793-4266-852C-A40E952DA10E}
	EndGlobalSection
EndGlobal
