
Microsoft Visual Studio Solution File, Format Version 12.00
# Visual Studio Version 17
VisualStudioVersion = 17.4.33213.308
MinimumVisualStudioVersion = 10.0.40219.1
Project("{FAE04EC0-301F-11D3-BF4B-00C04F79EFBC}") = "EjercicioTarea1", "EjercicioTarea1\EjercicioTarea1.csproj", "{474168B8-00FD-4D05-A516-F750758345F6}"
EndProject
Global
	GlobalSection(SolutionConfigurationPlatforms) = preSolution
		Debug|Any CPU = Debug|Any CPU
		Release|Any CPU = Release|Any CPU
	EndGlobalSection
	GlobalSection(ProjectConfigurationPlatforms) = postSolution
		{474168B8-00FD-4D05-A516-F750758345F6}.Debug|Any CPU.ActiveCfg = Debug|Any CPU
		{474168B8-00FD-4D05-A516-F750758345F6}.Debug|Any CPU.Build.0 = Debug|Any CPU
		{474168B8-00FD-4D05-A516-F750758345F6}.Release|Any CPU.ActiveCfg = Release|Any CPU
		{474168B8-00FD-4D05-A516-F750758345F6}.Release|Any CPU.Build.0 = Release|Any CPU
	EndGlobalSection
	GlobalSection(SolutionProperties) = preSolution
		HideSolutionNode = FALSE
	EndGlobalSection
	GlobalSection(ExtensibilityGlobals) = postSolution
		SolutionGuid = {2157C607-26BE-4283-A9BF-B94D2E58D38D}
	EndGlobalSection
EndGlobal
