
Microsoft Visual Studio Solution File, Format Version 12.00
# Visual Studio Version 17
VisualStudioVersion = 17.4.33213.308
MinimumVisualStudioVersion = 10.0.40219.1
Project("{FAE04EC0-301F-11D3-BF4B-00C04F79EFBC}") = "Tickets", "Tickets\Tickets.csproj", "{EA27574D-727B-4071-A319-0FD96ECBE099}"
EndProject
Global
	GlobalSection(SolutionConfigurationPlatforms) = preSolution
		Debug|Any CPU = Debug|Any CPU
		Release|Any CPU = Release|Any CPU
	EndGlobalSection
	GlobalSection(ProjectConfigurationPlatforms) = postSolution
		{EA27574D-727B-4071-A319-0FD96ECBE099}.Debug|Any CPU.ActiveCfg = Debug|Any CPU
		{EA27574D-727B-4071-A319-0FD96ECBE099}.Debug|Any CPU.Build.0 = Debug|Any CPU
		{EA27574D-727B-4071-A319-0FD96ECBE099}.Release|Any CPU.ActiveCfg = Release|Any CPU
		{EA27574D-727B-4071-A319-0FD96ECBE099}.Release|Any CPU.Build.0 = Release|Any CPU
	EndGlobalSection
	GlobalSection(SolutionProperties) = preSolution
		HideSolutionNode = FALSE
	EndGlobalSection
	GlobalSection(ExtensibilityGlobals) = postSolution
		SolutionGuid = {C154FF14-B15C-4BB2-97CE-E31A47B9676D}
	EndGlobalSection
EndGlobal
